
Microsoft Visual Studio Solution File, Format Version 12.00
# Visual Studio 2013
VisualStudioVersion = 12.0.30723.0
MinimumVisualStudioVersion = 10.0.40219.1
Project("{8BC9CEB8-8B4A-11D0-8D11-00A0C91BC942}") = "ChemistsFun", "ChemistsFun\ChemistsFun.vcxproj", "{6A753571-4CF4-4083-9D1B-2D69CFA4C08A}"
	ProjectSection(ProjectDependencies) = postProject
		{14FA8548-594F-41FC-8999-E9544C7CDF67} = {14FA8548-594F-41FC-8999-E9544C7CDF67}
		{528BEFE7-F405-436E-B1F6-3E86D296AA44} = {528BEFE7-F405-436E-B1F6-3E86D296AA44}
	EndProjectSection
EndProject
Project("{8BC9CEB8-8B4A-11D0-8D11-00A0C91BC942}") = "Box2D", "liquidfun\Box2D\Box2D.vcxproj", "{14FA8548-594F-41FC-8999-E9544C7CDF67}"
EndProject
Project("{8BC9CEB8-8B4A-11D0-8D11-00A0C91BC942}") = "Util", "Util\Util.vcxproj", "{528BEFE7-F405-436E-B1F6-3E86D296AA44}"
EndProject
Global
	GlobalSection(SolutionConfigurationPlatforms) = preSolution
		Debug|ARM = Debug|ARM
		Debug|Win32 = Debug|Win32
		DebugWithCodeAnalysis|ARM = DebugWithCodeAnalysis|ARM
		DebugWithCodeAnalysis|Win32 = DebugWithCodeAnalysis|Win32
		MinSizeRel|ARM = MinSizeRel|ARM
		MinSizeRel|Win32 = MinSizeRel|Win32
		Release|ARM = Release|ARM
		Release|Win32 = Release|Win32
		RelWithDebInfo|ARM = RelWithDebInfo|ARM
		RelWithDebInfo|Win32 = RelWithDebInfo|Win32
	EndGlobalSection
	GlobalSection(ProjectConfigurationPlatforms) = postSolution
		{6A753571-4CF4-4083-9D1B-2D69CFA4C08A}.Debug|ARM.ActiveCfg = Debug|ARM
		{6A753571-4CF4-4083-9D1B-2D69CFA4C08A}.Debug|ARM.Build.0 = Debug|ARM
		{6A753571-4CF4-4083-9D1B-2D69CFA4C08A}.Debug|ARM.Deploy.0 = Debug|ARM
		{6A753571-4CF4-4083-9D1B-2D69CFA4C08A}.Debug|Win32.ActiveCfg = Debug|Win32
		{6A753571-4CF4-4083-9D1B-2D69CFA4C08A}.Debug|Win32.Build.0 = Debug|Win32
		{6A753571-4CF4-4083-9D1B-2D69CFA4C08A}.Debug|Win32.Deploy.0 = Debug|Win32
		{6A753571-4CF4-4083-9D1B-2D69CFA4C08A}.DebugWithCodeAnalysis|ARM.ActiveCfg = Debug|ARM
		{6A753571-4CF4-4083-9D1B-2D69CFA4C08A}.DebugWithCodeAnalysis|ARM.Build.0 = Debug|ARM
		{6A753571-4CF4-4083-9D1B-2D69CFA4C08A}.DebugWithCodeAnalysis|ARM.Deploy.0 = Debug|ARM
		{6A753571-4CF4-4083-9D1B-2D69CFA4C08A}.DebugWithCodeAnalysis|Win32.ActiveCfg = Debug|Win32
		{6A753571-4CF4-4083-9D1B-2D69CFA4C08A}.DebugWithCodeAnalysis|Win32.Build.0 = Debug|Win32
		{6A753571-4CF4-4083-9D1B-2D69CFA4C08A}.DebugWithCodeAnalysis|Win32.Deploy.0 = Debug|Win32
		{6A753571-4CF4-4083-9D1B-2D69CFA4C08A}.MinSizeRel|ARM.ActiveCfg = Release|ARM
		{6A753571-4CF4-4083-9D1B-2D69CFA4C08A}.MinSizeRel|ARM.Build.0 = Release|ARM
		{6A753571-4CF4-4083-9D1B-2D69CFA4C08A}.MinSizeRel|ARM.Deploy.0 = Release|ARM
		{6A753571-4CF4-4083-9D1B-2D69CFA4C08A}.MinSizeRel|Win32.ActiveCfg = Release|Win32
		{6A753571-4CF4-4083-9D1B-2D69CFA4C08A}.MinSizeRel|Win32.Build.0 = Release|Win32
		{6A753571-4CF4-4083-9D1B-2D69CFA4C08A}.MinSizeRel|Win32.Deploy.0 = Release|Win32
		{6A753571-4CF4-4083-9D1B-2D69CFA4C08A}.Release|ARM.ActiveCfg = Release|ARM
		{6A753571-4CF4-4083-9D1B-2D69CFA4C08A}.Release|ARM.Build.0 = Release|ARM
		{6A753571-4CF4-4083-9D1B-2D69CFA4C08A}.Release|ARM.Deploy.0 = Release|ARM
		{6A753571-4CF4-4083-9D1B-2D69CFA4C08A}.Release|Win32.ActiveCfg = Release|Win32
		{6A753571-4CF4-4083-9D1B-2D69CFA4C08A}.Release|Win32.Build.0 = Release|Win32
		{6A753571-4CF4-4083-9D1B-2D69CFA4C08A}.Release|Win32.Deploy.0 = Release|Win32
		{6A753571-4CF4-4083-9D1B-2D69CFA4C08A}.RelWithDebInfo|ARM.ActiveCfg = Release|ARM
		{6A753571-4CF4-4083-9D1B-2D69CFA4C08A}.RelWithDebInfo|ARM.Build.0 = Release|ARM
		{6A753571-4CF4-4083-9D1B-2D69CFA4C08A}.RelWithDebInfo|ARM.Deploy.0 = Release|ARM
		{6A753571-4CF4-4083-9D1B-2D69CFA4C08A}.RelWithDebInfo|Win32.ActiveCfg = Release|Win32
		{6A753571-4CF4-4083-9D1B-2D69CFA4C08A}.RelWithDebInfo|Win32.Build.0 = Release|Win32
		{6A753571-4CF4-4083-9D1B-2D69CFA4C08A}.RelWithDebInfo|Win32.Deploy.0 = Release|Win32
		{14FA8548-594F-41FC-8999-E9544C7CDF67}.Debug|ARM.ActiveCfg = Debug|Win32
		{14FA8548-594F-41FC-8999-E9544C7CDF67}.Debug|Win32.ActiveCfg = Debug|Win32
		{14FA8548-594F-41FC-8999-E9544C7CDF67}.Debug|Win32.Build.0 = Debug|Win32
		{14FA8548-594F-41FC-8999-E9544C7CDF67}.DebugWithCodeAnalysis|ARM.ActiveCfg = Debug|Win32
		{14FA8548-594F-41FC-8999-E9544C7CDF67}.DebugWithCodeAnalysis|Win32.ActiveCfg = Debug|Win32
		{14FA8548-594F-41FC-8999-E9544C7CDF67}.DebugWithCodeAnalysis|Win32.Build.0 = Debug|Win32
		{14FA8548-594F-41FC-8999-E9544C7CDF67}.MinSizeRel|ARM.ActiveCfg = MinSizeRel|Win32
		{14FA8548-594F-41FC-8999-E9544C7CDF67}.MinSizeRel|Win32.ActiveCfg = MinSizeRel|Win32
		{14FA8548-594F-41FC-8999-E9544C7CDF67}.MinSizeRel|Win32.Build.0 = MinSizeRel|Win32
		{14FA8548-594F-41FC-8999-E9544C7CDF67}.Release|ARM.ActiveCfg = Release|Win32
		{14FA8548-594F-41FC-8999-E9544C7CDF67}.Release|Win32.ActiveCfg = Release|Win32
		{14FA8548-594F-41FC-8999-E9544C7CDF67}.Release|Win32.Build.0 = Release|Win32
		{14FA8548-594F-41FC-8999-E9544C7CDF67}.RelWithDebInfo|ARM.ActiveCfg = RelWithDebInfo|Win32
		{14FA8548-594F-41FC-8999-E9544C7CDF67}.RelWithDebInfo|Win32.ActiveCfg = RelWithDebInfo|Win32
		{14FA8548-594F-41FC-8999-E9544C7CDF67}.RelWithDebInfo|Win32.Build.0 = RelWithDebInfo|Win32
		{528BEFE7-F405-436E-B1F6-3E86D296AA44}.Debug|ARM.ActiveCfg = Debug|ARM
		{528BEFE7-F405-436E-B1F6-3E86D296AA44}.Debug|ARM.Build.0 = Debug|ARM
		{528BEFE7-F405-436E-B1F6-3E86D296AA44}.Debug|Win32.ActiveCfg = Debug|Win32
		{528BEFE7-F405-436E-B1F6-3E86D296AA44}.Debug|Win32.Build.0 = Debug|Win32
		{528BEFE7-F405-436E-B1F6-3E86D296AA44}.DebugWithCodeAnalysis|ARM.ActiveCfg = DebugWithCodeAnalysis|ARM
		{528BEFE7-F405-436E-B1F6-3E86D296AA44}.DebugWithCodeAnalysis|ARM.Build.0 = DebugWithCodeAnalysis|ARM
		{528BEFE7-F405-436E-B1F6-3E86D296AA44}.DebugWithCodeAnalysis|Win32.ActiveCfg = DebugWithCodeAnalysis|Win32
		{528BEFE7-F405-436E-B1F6-3E86D296AA44}.DebugWithCodeAnalysis|Win32.Build.0 = DebugWithCodeAnalysis|Win32
		{528BEFE7-F405-436E-B1F6-3E86D296AA44}.MinSizeRel|ARM.ActiveCfg = Release|ARM
		{528BEFE7-F405-436E-B1F6-3E86D296AA44}.MinSizeRel|ARM.Build.0 = Release|ARM
		{528BEFE7-F405-436E-B1F6-3E86D296AA44}.MinSizeRel|Win32.ActiveCfg = Release|Win32
		{528BEFE7-F405-436E-B1F6-3E86D296AA44}.MinSizeRel|Win32.Build.0 = Release|Win32
		{528BEFE7-F405-436E-B1F6-3E86D296AA44}.Release|ARM.ActiveCfg = Release|ARM
		{528BEFE7-F405-436E-B1F6-3E86D296AA44}.Release|ARM.Build.0 = Release|ARM
		{528BEFE7-F405-436E-B1F6-3E86D296AA44}.Release|Win32.ActiveCfg = Release|Win32
		{528BEFE7-F405-436E-B1F6-3E86D296AA44}.Release|Win32.Build.0 = Release|Win32
		{528BEFE7-F405-436E-B1F6-3E86D296AA44}.RelWithDebInfo|ARM.ActiveCfg = Release|ARM
		{528BEFE7-F405-436E-B1F6-3E86D296AA44}.RelWithDebInfo|ARM.Build.0 = Release|ARM
		{528BEFE7-F405-436E-B1F6-3E86D296AA44}.RelWithDebInfo|Win32.ActiveCfg = Release|Win32
		{528BEFE7-F405-436E-B1F6-3E86D296AA44}.RelWithDebInfo|Win32.Build.0 = Release|Win32
	EndGlobalSection
	GlobalSection(SolutionProperties) = preSolution
		HideSolutionNode = FALSE
	EndGlobalSection
EndGlobal
